
Microsoft Visual Studio Solution File, Format Version 12.00
# Visual Studio 2013
VisualStudioVersion = 12.0.31101.0
MinimumVisualStudioVersion = 10.0.40219.1
Project("{FAE04EC0-301F-11D3-BF4B-00C04F79EFBC}") = "BlissBase", "BlissBase\BlissBase.csproj", "{C7FCA8D8-C98C-4A81-9D18-7A80B2CA88E9}"
EndProject
Project("{FAE04EC0-301F-11D3-BF4B-00C04F79EFBC}") = "BlissBase.Model", "BlissBase.Model\BlissBase.Model.csproj", "{7C16C6B0-BA73-45F6-A4C4-163974442177}"
EndProject
Project("{FAE04EC0-301F-11D3-BF4B-00C04F79EFBC}") = "BlissBase.DAL", "BlissBase.DAL\BlissBase.DAL.csproj", "{266F84B7-C583-47F1-8C8E-663991F05660}"
EndProject
Project("{FAE04EC0-301F-11D3-BF4B-00C04F79EFBC}") = "BlissBase.BLL", "BlissBase.BLL\BlissBase.BLL.csproj", "{DB76C2BD-BB97-47A8-BB66-10F1681BF2E8}"
EndProject
Project("{FAE04EC0-301F-11D3-BF4B-00C04F79EFBC}") = "BlissBase.UT", "BlissBase.UT\BlissBase.UT.csproj", "{9DC04D02-B88E-40F2-9AE1-1B8284E51CD7}"
EndProject
Global
	GlobalSection(SolutionConfigurationPlatforms) = preSolution
		Debug|Any CPU = Debug|Any CPU
		Release|Any CPU = Release|Any CPU
	EndGlobalSection
	GlobalSection(ProjectConfigurationPlatforms) = postSolution
		{C7FCA8D8-C98C-4A81-9D18-7A80B2CA88E9}.Debug|Any CPU.ActiveCfg = Debug|Any CPU
		{C7FCA8D8-C98C-4A81-9D18-7A80B2CA88E9}.Debug|Any CPU.Build.0 = Debug|Any CPU
		{C7FCA8D8-C98C-4A81-9D18-7A80B2CA88E9}.Release|Any CPU.ActiveCfg = Release|Any CPU
		{C7FCA8D8-C98C-4A81-9D18-7A80B2CA88E9}.Release|Any CPU.Build.0 = Release|Any CPU
		{7C16C6B0-BA73-45F6-A4C4-163974442177}.Debug|Any CPU.ActiveCfg = Debug|Any CPU
		{7C16C6B0-BA73-45F6-A4C4-163974442177}.Debug|Any CPU.Build.0 = Debug|Any CPU
		{7C16C6B0-BA73-45F6-A4C4-163974442177}.Release|Any CPU.ActiveCfg = Release|Any CPU
		{7C16C6B0-BA73-45F6-A4C4-163974442177}.Release|Any CPU.Build.0 = Release|Any CPU
		{266F84B7-C583-47F1-8C8E-663991F05660}.Debug|Any CPU.ActiveCfg = Debug|Any CPU
		{266F84B7-C583-47F1-8C8E-663991F05660}.Debug|Any CPU.Build.0 = Debug|Any CPU
		{266F84B7-C583-47F1-8C8E-663991F05660}.Release|Any CPU.ActiveCfg = Release|Any CPU
		{266F84B7-C583-47F1-8C8E-663991F05660}.Release|Any CPU.Build.0 = Release|Any CPU
		{DB76C2BD-BB97-47A8-BB66-10F1681BF2E8}.Debug|Any CPU.ActiveCfg = Debug|Any CPU
		{DB76C2BD-BB97-47A8-BB66-10F1681BF2E8}.Debug|Any CPU.Build.0 = Debug|Any CPU
		{DB76C2BD-BB97-47A8-BB66-10F1681BF2E8}.Release|Any CPU.ActiveCfg = Release|Any CPU
		{DB76C2BD-BB97-47A8-BB66-10F1681BF2E8}.Release|Any CPU.Build.0 = Release|Any CPU
		{9DC04D02-B88E-40F2-9AE1-1B8284E51CD7}.Debug|Any CPU.ActiveCfg = Debug|Any CPU
		{9DC04D02-B88E-40F2-9AE1-1B8284E51CD7}.Debug|Any CPU.Build.0 = Debug|Any CPU
		{9DC04D02-B88E-40F2-9AE1-1B8284E51CD7}.Release|Any CPU.ActiveCfg = Release|Any CPU
		{9DC04D02-B88E-40F2-9AE1-1B8284E51CD7}.Release|Any CPU.Build.0 = Release|Any CPU
	EndGlobalSection
	GlobalSection(SolutionProperties) = preSolution
		HideSolutionNode = FALSE
	EndGlobalSection
EndGlobal
